
Microsoft Visual Studio Solution File, Format Version 11.00
# Visual Studio 2010
Project("{FAE04EC0-301F-11D3-BF4B-00C04F79EFBC}") = "Assembly-CSharp", "Assembly-CSharp.csproj", "{22A8F118-CAE3-3EA0-6A9F-8D284BEFA520}"
EndProject
Project("{FAE04EC0-301F-11D3-BF4B-00C04F79EFBC}") = "Assembly-CSharp-firstpass", "Assembly-CSharp-firstpass.csproj", "{41B20AC2-2FDB-4B6D-BEDE-D1745D57D300}"
EndProject
Project("{FAE04EC0-301F-11D3-BF4B-00C04F79EFBC}") = "Coffee.UIParticle", "Coffee.UIParticle.csproj", "{3A348217-348D-E3AD-2A06-689291C2C97E}"
EndProject
Project("{FAE04EC0-301F-11D3-BF4B-00C04F79EFBC}") = "Assembly-CSharp-Editor", "Assembly-CSharp-Editor.csproj", "{CBB19B2B-277F-E3B1-436B-0808497865AA}"
EndProject
Project("{FAE04EC0-301F-11D3-BF4B-00C04F79EFBC}") = "Coffee.UIParticle.Editor", "Coffee.UIParticle.Editor.csproj", "{BC9DAE20-B51B-8932-CC62-5A8670902D52}"
EndProject
Global
	GlobalSection(SolutionConfigurationPlatforms) = preSolution
		Debug|Any CPU = Debug|Any CPU
		Release|Any CPU = Release|Any CPU
	EndGlobalSection
	GlobalSection(ProjectConfigurationPlatforms) = postSolution
		{22A8F118-CAE3-3EA0-6A9F-8D284BEFA520}.Debug|Any CPU.ActiveCfg = Debug|Any CPU
		{22A8F118-CAE3-3EA0-6A9F-8D284BEFA520}.Debug|Any CPU.Build.0 = Debug|Any CPU
		{22A8F118-CAE3-3EA0-6A9F-8D284BEFA520}.Release|Any CPU.ActiveCfg = Release|Any CPU
		{22A8F118-CAE3-3EA0-6A9F-8D284BEFA520}.Release|Any CPU.Build.0 = Release|Any CPU
		{41B20AC2-2FDB-4B6D-BEDE-D1745D57D300}.Debug|Any CPU.ActiveCfg = Debug|Any CPU
		{41B20AC2-2FDB-4B6D-BEDE-D1745D57D300}.Debug|Any CPU.Build.0 = Debug|Any CPU
		{41B20AC2-2FDB-4B6D-BEDE-D1745D57D300}.Release|Any CPU.ActiveCfg = Release|Any CPU
		{41B20AC2-2FDB-4B6D-BEDE-D1745D57D300}.Release|Any CPU.Build.0 = Release|Any CPU
		{3A348217-348D-E3AD-2A06-689291C2C97E}.Debug|Any CPU.ActiveCfg = Debug|Any CPU
		{3A348217-348D-E3AD-2A06-689291C2C97E}.Debug|Any CPU.Build.0 = Debug|Any CPU
		{3A348217-348D-E3AD-2A06-689291C2C97E}.Release|Any CPU.ActiveCfg = Release|Any CPU
		{3A348217-348D-E3AD-2A06-689291C2C97E}.Release|Any CPU.Build.0 = Release|Any CPU
		{CBB19B2B-277F-E3B1-436B-0808497865AA}.Debug|Any CPU.ActiveCfg = Debug|Any CPU
		{CBB19B2B-277F-E3B1-436B-0808497865AA}.Debug|Any CPU.Build.0 = Debug|Any CPU
		{CBB19B2B-277F-E3B1-436B-0808497865AA}.Release|Any CPU.ActiveCfg = Release|Any CPU
		{CBB19B2B-277F-E3B1-436B-0808497865AA}.Release|Any CPU.Build.0 = Release|Any CPU
		{BC9DAE20-B51B-8932-CC62-5A8670902D52}.Debug|Any CPU.ActiveCfg = Debug|Any CPU
		{BC9DAE20-B51B-8932-CC62-5A8670902D52}.Debug|Any CPU.Build.0 = Debug|Any CPU
		{BC9DAE20-B51B-8932-CC62-5A8670902D52}.Release|Any CPU.ActiveCfg = Release|Any CPU
		{BC9DAE20-B51B-8932-CC62-5A8670902D52}.Release|Any CPU.Build.0 = Release|Any CPU
	EndGlobalSection
	GlobalSection(SolutionProperties) = preSolution
		HideSolutionNode = FALSE
	EndGlobalSection
	GlobalSection(MonoDevelopProperties) = preSolution
		StartupItem = Assembly-CSharp.csproj
	EndGlobalSection
EndGlobal
